
Microsoft Visual Studio Solution File, Format Version 12.00
# Visual Studio Version 16
VisualStudioVersion = 16.0.31605.320
MinimumVisualStudioVersion = 10.0.40219.1
Project("{FAE04EC0-301F-11D3-BF4B-00C04F79EFBC}") = "exercicio 04", "exercicio 04\exercicio 04.csproj", "{348FA9F9-99B6-4CA3-B8FA-50C0144DE38E}"
EndProject
Global
	GlobalSection(SolutionConfigurationPlatforms) = preSolution
		Debug|Any CPU = Debug|Any CPU
		Release|Any CPU = Release|Any CPU
	EndGlobalSection
	GlobalSection(ProjectConfigurationPlatforms) = postSolution
		{348FA9F9-99B6-4CA3-B8FA-50C0144DE38E}.Debug|Any CPU.ActiveCfg = Debug|Any CPU
		{348FA9F9-99B6-4CA3-B8FA-50C0144DE38E}.Debug|Any CPU.Build.0 = Debug|Any CPU
		{348FA9F9-99B6-4CA3-B8FA-50C0144DE38E}.Release|Any CPU.ActiveCfg = Release|Any CPU
		{348FA9F9-99B6-4CA3-B8FA-50C0144DE38E}.Release|Any CPU.Build.0 = Release|Any CPU
	EndGlobalSection
	GlobalSection(SolutionProperties) = preSolution
		HideSolutionNode = FALSE
	EndGlobalSection
	GlobalSection(ExtensibilityGlobals) = postSolution
		SolutionGuid = {54E87835-98B2-4FFB-BEF5-FA5224DC0BE6}
	EndGlobalSection
EndGlobal
